
Microsoft Visual Studio Solution File, Format Version 12.00
# 
Project("{FAE04EC0-301F-11D3-BF4B-00C04F79EFBC}") = "AgroTech", "AgroTech\AgroTech.csproj", "{9879EC72-AD8E-43CB-A196-CA8F1FFDF996}"
EndProject
Project("{FAE04EC0-301F-11D3-BF4B-00C04F79EFBC}") = "AgroTech.UnitTests", "AgroTech.UnitTests\AgroTech.UnitTests.csproj", "{46D0DC8B-77B6-4B93-A2AF-B78D95152CED}"
EndProject
Project("{FAE04EC0-301F-11D3-BF4B-00C04F79EFBC}") = "AgroTech.IntegrationTests", "AgroTech.IntegrationTests\AgroTech.IntegrationTests.csproj", "{72837D0E-2959-4A3B-AB87-3E436A90B6FA}"
EndProject
Global
	GlobalSection(SolutionConfigurationPlatforms) = preSolution
		Debug|Any CPU = Debug|Any CPU
		Release|Any CPU = Release|Any CPU
	EndGlobalSection
	GlobalSection(ProjectConfigurationPlatforms) = postSolution
		{9879EC72-AD8E-43CB-A196-CA8F1FFDF996}.Debug|Any CPU.ActiveCfg = Debug|Any CPU
		{9879EC72-AD8E-43CB-A196-CA8F1FFDF996}.Debug|Any CPU.Build.0 = Debug|Any CPU
		{9879EC72-AD8E-43CB-A196-CA8F1FFDF996}.Release|Any CPU.ActiveCfg = Release|Any CPU
		{9879EC72-AD8E-43CB-A196-CA8F1FFDF996}.Release|Any CPU.Build.0 = Release|Any CPU
		{46D0DC8B-77B6-4B93-A2AF-B78D95152CED}.Debug|Any CPU.ActiveCfg = Debug|Any CPU
		{46D0DC8B-77B6-4B93-A2AF-B78D95152CED}.Debug|Any CPU.Build.0 = Debug|Any CPU
		{46D0DC8B-77B6-4B93-A2AF-B78D95152CED}.Release|Any CPU.ActiveCfg = Release|Any CPU
		{46D0DC8B-77B6-4B93-A2AF-B78D95152CED}.Release|Any CPU.Build.0 = Release|Any CPU
		{72837D0E-2959-4A3B-AB87-3E436A90B6FA}.Debug|Any CPU.ActiveCfg = Debug|Any CPU
		{72837D0E-2959-4A3B-AB87-3E436A90B6FA}.Debug|Any CPU.Build.0 = Debug|Any CPU
		{72837D0E-2959-4A3B-AB87-3E436A90B6FA}.Release|Any CPU.ActiveCfg = Release|Any CPU
		{72837D0E-2959-4A3B-AB87-3E436A90B6FA}.Release|Any CPU.Build.0 = Release|Any CPU
	EndGlobalSection
EndGlobal
